
Microsoft Visual Studio Solution File, Format Version 12.00
# Visual Studio Version 17
VisualStudioVersion = 17.5.33530.505
MinimumVisualStudioVersion = 10.0.40219.1
Project("{9A19103F-16F7-4668-BE54-9A1E7A4F7556}") = "SuperShop", "SuperShop\SuperShop.csproj", "{D5E05C98-1A7C-431B-8932-480FBDCDC9E6}"
EndProject
Project("{FAE04EC0-301F-11D3-BF4B-00C04F79EFBC}") = "SuperShop.Prism", "SuperShop.Prism\SuperShop.Prism\SuperShop.Prism.csproj", "{5330B903-B43A-459A-9E80-918C38B24A1E}"
EndProject
Project("{FAE04EC0-301F-11D3-BF4B-00C04F79EFBC}") = "SuperShop.Prism.Android", "SuperShop.Prism\SuperShop.Prism.Android\SuperShop.Prism.Android.csproj", "{E7238BE1-527E-40B8-AF26-8E91612AFF2C}"
EndProject
Project("{FAE04EC0-301F-11D3-BF4B-00C04F79EFBC}") = "SuperShop.Prism.iOS", "SuperShop.Prism\SuperShop.Prism.iOS\SuperShop.Prism.iOS.csproj", "{53ACBA7C-2CE5-4444-8565-907FD8864CC5}"
EndProject
Global
	GlobalSection(SolutionConfigurationPlatforms) = preSolution
		Ad-Hoc|Any CPU = Ad-Hoc|Any CPU
		Ad-Hoc|iPhone = Ad-Hoc|iPhone
		Ad-Hoc|iPhoneSimulator = Ad-Hoc|iPhoneSimulator
		AppStore|Any CPU = AppStore|Any CPU
		AppStore|iPhone = AppStore|iPhone
		AppStore|iPhoneSimulator = AppStore|iPhoneSimulator
		Debug|Any CPU = Debug|Any CPU
		Debug|iPhone = Debug|iPhone
		Debug|iPhoneSimulator = Debug|iPhoneSimulator
		Release|Any CPU = Release|Any CPU
		Release|iPhone = Release|iPhone
		Release|iPhoneSimulator = Release|iPhoneSimulator
	EndGlobalSection
	GlobalSection(ProjectConfigurationPlatforms) = postSolution
		{D5E05C98-1A7C-431B-8932-480FBDCDC9E6}.Ad-Hoc|Any CPU.ActiveCfg = Release|Any CPU
		{D5E05C98-1A7C-431B-8932-480FBDCDC9E6}.Ad-Hoc|Any CPU.Build.0 = Release|Any CPU
		{D5E05C98-1A7C-431B-8932-480FBDCDC9E6}.Ad-Hoc|iPhone.ActiveCfg = Release|Any CPU
		{D5E05C98-1A7C-431B-8932-480FBDCDC9E6}.Ad-Hoc|iPhone.Build.0 = Release|Any CPU
		{D5E05C98-1A7C-431B-8932-480FBDCDC9E6}.Ad-Hoc|iPhoneSimulator.ActiveCfg = Release|Any CPU
		{D5E05C98-1A7C-431B-8932-480FBDCDC9E6}.Ad-Hoc|iPhoneSimulator.Build.0 = Release|Any CPU
		{D5E05C98-1A7C-431B-8932-480FBDCDC9E6}.AppStore|Any CPU.ActiveCfg = Release|Any CPU
		{D5E05C98-1A7C-431B-8932-480FBDCDC9E6}.AppStore|Any CPU.Build.0 = Release|Any CPU
		{D5E05C98-1A7C-431B-8932-480FBDCDC9E6}.AppStore|iPhone.ActiveCfg = Release|Any CPU
		{D5E05C98-1A7C-431B-8932-480FBDCDC9E6}.AppStore|iPhone.Build.0 = Release|Any CPU
		{D5E05C98-1A7C-431B-8932-480FBDCDC9E6}.AppStore|iPhoneSimulator.ActiveCfg = Release|Any CPU
		{D5E05C98-1A7C-431B-8932-480FBDCDC9E6}.AppStore|iPhoneSimulator.Build.0 = Release|Any CPU
		{D5E05C98-1A7C-431B-8932-480FBDCDC9E6}.Debug|Any CPU.ActiveCfg = Debug|Any CPU
		{D5E05C98-1A7C-431B-8932-480FBDCDC9E6}.Debug|Any CPU.Build.0 = Debug|Any CPU
		{D5E05C98-1A7C-431B-8932-480FBDCDC9E6}.Debug|iPhone.ActiveCfg = Debug|Any CPU
		{D5E05C98-1A7C-431B-8932-480FBDCDC9E6}.Debug|iPhone.Build.0 = Debug|Any CPU
		{D5E05C98-1A7C-431B-8932-480FBDCDC9E6}.Debug|iPhoneSimulator.ActiveCfg = Debug|Any CPU
		{D5E05C98-1A7C-431B-8932-480FBDCDC9E6}.Debug|iPhoneSimulator.Build.0 = Debug|Any CPU
		{D5E05C98-1A7C-431B-8932-480FBDCDC9E6}.Release|Any CPU.ActiveCfg = Release|Any CPU
		{D5E05C98-1A7C-431B-8932-480FBDCDC9E6}.Release|Any CPU.Build.0 = Release|Any CPU
		{D5E05C98-1A7C-431B-8932-480FBDCDC9E6}.Release|iPhone.ActiveCfg = Release|Any CPU
		{D5E05C98-1A7C-431B-8932-480FBDCDC9E6}.Release|iPhone.Build.0 = Release|Any CPU
		{D5E05C98-1A7C-431B-8932-480FBDCDC9E6}.Release|iPhoneSimulator.ActiveCfg = Release|Any CPU
		{D5E05C98-1A7C-431B-8932-480FBDCDC9E6}.Release|iPhoneSimulator.Build.0 = Release|Any CPU
		{5330B903-B43A-459A-9E80-918C38B24A1E}.Ad-Hoc|Any CPU.ActiveCfg = Debug|Any CPU
		{5330B903-B43A-459A-9E80-918C38B24A1E}.Ad-Hoc|Any CPU.Build.0 = Debug|Any CPU
		{5330B903-B43A-459A-9E80-918C38B24A1E}.Ad-Hoc|iPhone.ActiveCfg = Debug|Any CPU
		{5330B903-B43A-459A-9E80-918C38B24A1E}.Ad-Hoc|iPhone.Build.0 = Debug|Any CPU
		{5330B903-B43A-459A-9E80-918C38B24A1E}.Ad-Hoc|iPhoneSimulator.ActiveCfg = Debug|Any CPU
		{5330B903-B43A-459A-9E80-918C38B24A1E}.Ad-Hoc|iPhoneSimulator.Build.0 = Debug|Any CPU
		{5330B903-B43A-459A-9E80-918C38B24A1E}.AppStore|Any CPU.ActiveCfg = Debug|Any CPU
		{5330B903-B43A-459A-9E80-918C38B24A1E}.AppStore|Any CPU.Build.0 = Debug|Any CPU
		{5330B903-B43A-459A-9E80-918C38B24A1E}.AppStore|iPhone.ActiveCfg = Debug|Any CPU
		{5330B903-B43A-459A-9E80-918C38B24A1E}.AppStore|iPhone.Build.0 = Debug|Any CPU
		{5330B903-B43A-459A-9E80-918C38B24A1E}.AppStore|iPhoneSimulator.ActiveCfg = Debug|Any CPU
		{5330B903-B43A-459A-9E80-918C38B24A1E}.AppStore|iPhoneSimulator.Build.0 = Debug|Any CPU
		{5330B903-B43A-459A-9E80-918C38B24A1E}.Debug|Any CPU.ActiveCfg = Debug|Any CPU
		{5330B903-B43A-459A-9E80-918C38B24A1E}.Debug|Any CPU.Build.0 = Debug|Any CPU
		{5330B903-B43A-459A-9E80-918C38B24A1E}.Debug|iPhone.ActiveCfg = Debug|Any CPU
		{5330B903-B43A-459A-9E80-918C38B24A1E}.Debug|iPhone.Build.0 = Debug|Any CPU
		{5330B903-B43A-459A-9E80-918C38B24A1E}.Debug|iPhoneSimulator.ActiveCfg = Debug|Any CPU
		{5330B903-B43A-459A-9E80-918C38B24A1E}.Debug|iPhoneSimulator.Build.0 = Debug|Any CPU
		{5330B903-B43A-459A-9E80-918C38B24A1E}.Release|Any CPU.ActiveCfg = Release|Any CPU
		{5330B903-B43A-459A-9E80-918C38B24A1E}.Release|Any CPU.Build.0 = Release|Any CPU
		{5330B903-B43A-459A-9E80-918C38B24A1E}.Release|iPhone.ActiveCfg = Release|Any CPU
		{5330B903-B43A-459A-9E80-918C38B24A1E}.Release|iPhone.Build.0 = Release|Any CPU
		{5330B903-B43A-459A-9E80-918C38B24A1E}.Release|iPhoneSimulator.ActiveCfg = Release|Any CPU
		{5330B903-B43A-459A-9E80-918C38B24A1E}.Release|iPhoneSimulator.Build.0 = Release|Any CPU
		{E7238BE1-527E-40B8-AF26-8E91612AFF2C}.Ad-Hoc|Any CPU.ActiveCfg = Debug|Any CPU
		{E7238BE1-527E-40B8-AF26-8E91612AFF2C}.Ad-Hoc|Any CPU.Build.0 = Debug|Any CPU
		{E7238BE1-527E-40B8-AF26-8E91612AFF2C}.Ad-Hoc|Any CPU.Deploy.0 = Debug|Any CPU
		{E7238BE1-527E-40B8-AF26-8E91612AFF2C}.Ad-Hoc|iPhone.ActiveCfg = Debug|Any CPU
		{E7238BE1-527E-40B8-AF26-8E91612AFF2C}.Ad-Hoc|iPhone.Build.0 = Debug|Any CPU
		{E7238BE1-527E-40B8-AF26-8E91612AFF2C}.Ad-Hoc|iPhone.Deploy.0 = Debug|Any CPU
		{E7238BE1-527E-40B8-AF26-8E91612AFF2C}.Ad-Hoc|iPhoneSimulator.ActiveCfg = Debug|Any CPU
		{E7238BE1-527E-40B8-AF26-8E91612AFF2C}.Ad-Hoc|iPhoneSimulator.Build.0 = Debug|Any CPU
		{E7238BE1-527E-40B8-AF26-8E91612AFF2C}.Ad-Hoc|iPhoneSimulator.Deploy.0 = Debug|Any CPU
		{E7238BE1-527E-40B8-AF26-8E91612AFF2C}.AppStore|Any CPU.ActiveCfg = Debug|Any CPU
		{E7238BE1-527E-40B8-AF26-8E91612AFF2C}.AppStore|Any CPU.Build.0 = Debug|Any CPU
		{E7238BE1-527E-40B8-AF26-8E91612AFF2C}.AppStore|Any CPU.Deploy.0 = Debug|Any CPU
		{E7238BE1-527E-40B8-AF26-8E91612AFF2C}.AppStore|iPhone.ActiveCfg = Debug|Any CPU
		{E7238BE1-527E-40B8-AF26-8E91612AFF2C}.AppStore|iPhone.Build.0 = Debug|Any CPU
		{E7238BE1-527E-40B8-AF26-8E91612AFF2C}.AppStore|iPhone.Deploy.0 = Debug|Any CPU
		{E7238BE1-527E-40B8-AF26-8E91612AFF2C}.AppStore|iPhoneSimulator.ActiveCfg = Debug|Any CPU
		{E7238BE1-527E-40B8-AF26-8E91612AFF2C}.AppStore|iPhoneSimulator.Build.0 = Debug|Any CPU
		{E7238BE1-527E-40B8-AF26-8E91612AFF2C}.AppStore|iPhoneSimulator.Deploy.0 = Debug|Any CPU
		{E7238BE1-527E-40B8-AF26-8E91612AFF2C}.Debug|Any CPU.ActiveCfg = Debug|Any CPU
		{E7238BE1-527E-40B8-AF26-8E91612AFF2C}.Debug|Any CPU.Build.0 = Debug|Any CPU
		{E7238BE1-527E-40B8-AF26-8E91612AFF2C}.Debug|Any CPU.Deploy.0 = Debug|Any CPU
		{E7238BE1-527E-40B8-AF26-8E91612AFF2C}.Debug|iPhone.ActiveCfg = Debug|Any CPU
		{E7238BE1-527E-40B8-AF26-8E91612AFF2C}.Debug|iPhone.Build.0 = Debug|Any CPU
		{E7238BE1-527E-40B8-AF26-8E91612AFF2C}.Debug|iPhone.Deploy.0 = Debug|Any CPU
		{E7238BE1-527E-40B8-AF26-8E91612AFF2C}.Debug|iPhoneSimulator.ActiveCfg = Debug|Any CPU
		{E7238BE1-527E-40B8-AF26-8E91612AFF2C}.Debug|iPhoneSimulator.Build.0 = Debug|Any CPU
		{E7238BE1-527E-40B8-AF26-8E91612AFF2C}.Debug|iPhoneSimulator.Deploy.0 = Debug|Any CPU
		{E7238BE1-527E-40B8-AF26-8E91612AFF2C}.Release|Any CPU.ActiveCfg = Release|Any CPU
		{E7238BE1-527E-40B8-AF26-8E91612AFF2C}.Release|Any CPU.Build.0 = Release|Any CPU
		{E7238BE1-527E-40B8-AF26-8E91612AFF2C}.Release|Any CPU.Deploy.0 = Release|Any CPU
		{E7238BE1-527E-40B8-AF26-8E91612AFF2C}.Release|iPhone.ActiveCfg = Release|Any CPU
		{E7238BE1-527E-40B8-AF26-8E91612AFF2C}.Release|iPhone.Build.0 = Release|Any CPU
		{E7238BE1-527E-40B8-AF26-8E91612AFF2C}.Release|iPhone.Deploy.0 = Release|Any CPU
		{E7238BE1-527E-40B8-AF26-8E91612AFF2C}.Release|iPhoneSimulator.ActiveCfg = Release|Any CPU
		{E7238BE1-527E-40B8-AF26-8E91612AFF2C}.Release|iPhoneSimulator.Build.0 = Release|Any CPU
		{E7238BE1-527E-40B8-AF26-8E91612AFF2C}.Release|iPhoneSimulator.Deploy.0 = Release|Any CPU
		{53ACBA7C-2CE5-4444-8565-907FD8864CC5}.Ad-Hoc|Any CPU.ActiveCfg = Ad-Hoc|iPhoneSimulator
		{53ACBA7C-2CE5-4444-8565-907FD8864CC5}.Ad-Hoc|Any CPU.Build.0 = Ad-Hoc|iPhoneSimulator
		{53ACBA7C-2CE5-4444-8565-907FD8864CC5}.Ad-Hoc|iPhone.ActiveCfg = Ad-Hoc|iPhone
		{53ACBA7C-2CE5-4444-8565-907FD8864CC5}.Ad-Hoc|iPhone.Build.0 = Ad-Hoc|iPhone
		{53ACBA7C-2CE5-4444-8565-907FD8864CC5}.Ad-Hoc|iPhoneSimulator.ActiveCfg = Ad-Hoc|iPhoneSimulator
		{53ACBA7C-2CE5-4444-8565-907FD8864CC5}.Ad-Hoc|iPhoneSimulator.Build.0 = Ad-Hoc|iPhoneSimulator
		{53ACBA7C-2CE5-4444-8565-907FD8864CC5}.AppStore|Any CPU.ActiveCfg = AppStore|iPhoneSimulator
		{53ACBA7C-2CE5-4444-8565-907FD8864CC5}.AppStore|Any CPU.Build.0 = AppStore|iPhoneSimulator
		{53ACBA7C-2CE5-4444-8565-907FD8864CC5}.AppStore|iPhone.ActiveCfg = AppStore|iPhone
		{53ACBA7C-2CE5-4444-8565-907FD8864CC5}.AppStore|iPhone.Build.0 = AppStore|iPhone
		{53ACBA7C-2CE5-4444-8565-907FD8864CC5}.AppStore|iPhoneSimulator.ActiveCfg = AppStore|iPhoneSimulator
		{53ACBA7C-2CE5-4444-8565-907FD8864CC5}.AppStore|iPhoneSimulator.Build.0 = AppStore|iPhoneSimulator
		{53ACBA7C-2CE5-4444-8565-907FD8864CC5}.Debug|Any CPU.ActiveCfg = Debug|iPhoneSimulator
		{53ACBA7C-2CE5-4444-8565-907FD8864CC5}.Debug|Any CPU.Build.0 = Debug|iPhoneSimulator
		{53ACBA7C-2CE5-4444-8565-907FD8864CC5}.Debug|iPhone.ActiveCfg = Debug|iPhone
		{53ACBA7C-2CE5-4444-8565-907FD8864CC5}.Debug|iPhone.Build.0 = Debug|iPhone
		{53ACBA7C-2CE5-4444-8565-907FD8864CC5}.Debug|iPhoneSimulator.ActiveCfg = Debug|iPhoneSimulator
		{53ACBA7C-2CE5-4444-8565-907FD8864CC5}.Debug|iPhoneSimulator.Build.0 = Debug|iPhoneSimulator
		{53ACBA7C-2CE5-4444-8565-907FD8864CC5}.Release|Any CPU.ActiveCfg = Release|iPhoneSimulator
		{53ACBA7C-2CE5-4444-8565-907FD8864CC5}.Release|Any CPU.Build.0 = Release|iPhoneSimulator
		{53ACBA7C-2CE5-4444-8565-907FD8864CC5}.Release|iPhone.ActiveCfg = Release|iPhone
		{53ACBA7C-2CE5-4444-8565-907FD8864CC5}.Release|iPhone.Build.0 = Release|iPhone
		{53ACBA7C-2CE5-4444-8565-907FD8864CC5}.Release|iPhoneSimulator.ActiveCfg = Release|iPhoneSimulator
		{53ACBA7C-2CE5-4444-8565-907FD8864CC5}.Release|iPhoneSimulator.Build.0 = Release|iPhoneSimulator
	EndGlobalSection
	GlobalSection(SolutionProperties) = preSolution
		HideSolutionNode = FALSE
	EndGlobalSection
	GlobalSection(ExtensibilityGlobals) = postSolution
		SolutionGuid = {B9EAD18D-7BD1-480D-95AE-6124D1104170}
	EndGlobalSection
EndGlobal
